// !$*UTF8*$!
{
	archiveVersion = 1;
	classes = {
	};
	objectVersion = 46;
	objects = {

/* Begin PBXBuildFile section */
		3FA3EA531EAB22EA00B5BDD9 /* main.c in Sources */ = {isa = PBXBuildFile; fileRef = 3FA3EA521EAB22EA00B5BDD9 /* main.c */; };
/* End PBXBuildFile section */

/* Begin PBXCopyFilesBuildPhase section */
		3FA3EA4D1EAB22EA00B5BDD9 /* CopyFiles */ = {
			isa = PBXCopyFilesBuildPhase;
			buildActionMask = 2147483647;
			dstPath = /usr/share/man/man1/;
			dstSubfolderSpec = 0;
			files = (
			);
			runOnlyForDeploymentPostprocessing = 1;
		};
/* End PBXCopyFilesBuildPhase section */

/* Begin PBXFileReference section */
		3FA3EA4F1EAB22EA00B5BDD9 /* chmailpass */ = {isa = PBXFileReference; explicitFileType = "compiled.mach-o.executable"; includeInIndex = 0; path = chmailpass; sourceTree = BUILT_PRODUCTS_DIR; };
		3FA3EA521EAB22EA00B5BDD9 /* main.c */ = {isa = PBXFileReference; lastKnownFileType = sourcecode.c.c; path = main.c; sourceTree = "<group>"; };
/* End PBXFileReference section */

/* Begin PBXFrameworksBuildPhase section */
		3FA3EA4C1EAB22EA00B5BDD9 /* Frameworks */ = {
			isa = PBXFrameworksBuildPhase;
			buildActionMask = 2147483647;
			files = (
			);
			runOnlyForDeploymentPostprocessing = 0;
		};
/* End PBXFrameworksBuildPhase section */

/* Begin PBXGroup section */
		3FA3EA461EAB22EA00B5BDD9 = {
			isa = PBXGroup;
			children = (
				3FA3EA511EAB22EA00B5BDD9 /* chmailpass */,
				3FA3EA501EAB22EA00B5BDD9 /* Products */,
			);
			sourceTree = "<group>";
		};
		3FA3EA501EAB22EA00B5BDD9 /* Products */ = {
			isa = PBXGroup;
			children = (
				3FA3EA4F1EAB22EA00B5BDD9 /* chmailpass */,
			);
			name = Products;
			sourceTree = "<group>";
		};
		3FA3EA511EAB22EA00B5BDD9 /* chmailpass */ = {
			isa = PBXGroup;
			children = (
				3FA3EA521EAB22EA00B5BDD9 /* main.c */,
			);
			path = chmailpass;
			sourceTree = "<group>";
		};
/* End PBXGroup section */

/* Begin PBXNativeTarget section */
		3FA3EA4E1EAB22EA00B5BDD9 /* chmailpass */ = {
			isa = PBXNativeTarget;
			buildConfigurationList = 3FA3EA561EAB22EA00B5BDD9 /* Build configuration list for PBXNativeTarget "chmailpass" */;
			buildPhases = (
				3FA3EA4B1EAB22EA00B5BDD9 /* Sources */,
				3FA3EA4C1EAB22EA00B5BDD9 /* Frameworks */,
				3FA3EA4D1EAB22EA00B5BDD9 /* CopyFiles */,
			);
			buildRules = (
			);
			dependencies = (
			);
			name = chmailpass;
			productName = chmailpass;
			productReference = 3FA3EA4F1EAB22EA00B5BDD9 /* chmailpass */;
			productType = "com.apple.product-type.tool";
		};
/* End PBXNativeTarget section */

/* Begin PBXProject section */
		3FA3EA471EAB22EA00B5BDD9 /* Project object */ = {
			isa = PBXProject;
			attributes = {
				LastUpgradeCheck = 0830;
				ORGANIZATIONNAME = "Jeremy Nixon";
				TargetAttributes = {
					3FA3EA4E1EAB22EA00B5BDD9 = {
						CreatedOnToolsVersion = 8.3;
						DevelopmentTeam = L3N9VN6Q54;
						ProvisioningStyle = Automatic;
					};
				};
			};
			buildConfigurationList = 3FA3EA4A1EAB22EA00B5BDD9 /* Build configuration list for PBXProject "chmailpass" */;
			compatibilityVersion = "Xcode 3.2";
			developmentRegion = English;
			hasScannedForEncodings = 0;
			knownRegions = (
				en,
			);
			mainGroup = 3FA3EA461EAB22EA00B5BDD9;
			productRefGroup = 3FA3EA501EAB22EA00B5BDD9 /* Products */;
			projectDirPath = "";
			projectRoot = "";
			targets = (
				3FA3EA4E1EAB22EA00B5BDD9 /* chmailpass */,
			);
		};
/* End PBXProject section */

/* Begin PBXSourcesBuildPhase section */
		3FA3EA4B1EAB22EA00B5BDD9 /* Sources */ = {
			isa = PBXSourcesBuildPhase;
			buildActionMask = 2147483647;
			files = (
				3FA3EA531EAB22EA00B5BDD9 /* main.c in Sources */,
			);
			runOnlyForDeploymentPostprocessing = 0;
		};
/* End PBXSourcesBuildPhase section */

/* Begin XCBuildConfiguration section */
		3FA3EA541EAB22EA00B5BDD9 /* Debug */ = {
			isa = XCBuildConfiguration;
			buildSettings = {
				ALWAYS_SEARCH_USER_PATHS = NO;
				CLANG_ANALYZER_NONNULL = YES;
				CLANG_ANALYZER_NUMBER_OBJECT_CONVERSION = YES_AGGRESSIVE;
				CLANG_CXX_LANGUAGE_STANDARD = "gnu++0x";
				CLANG_CXX_LIBRARY = "libc++";
				CLANG_ENABLE_MODULES = YES;
				CLANG_ENABLE_OBJC_ARC = YES;
				CLANG_WARN_BOOL_CONVERSION = YES;
				CLANG_WARN_CONSTANT_CONVERSION = YES;
				CLANG_WARN_DIRECT_OBJC_ISA_USAGE = YES_ERROR;
				CLANG_WARN_DOCUMENTATION_COMMENTS = YES;
				CLANG_WARN_EMPTY_BODY = YES;
				CLANG_WARN_ENUM_CONVERSION = YES;
				CLANG_WARN_INFINITE_RECURSION = YES;
				CLANG_WARN_INT_CONVERSION = YES;
				CLANG_WARN_OBJC_ROOT_CLASS = YES_ERROR;
				CLANG_WARN_SUSPICIOUS_MOVE = YES;
				CLANG_WARN_UNREACHABLE_CODE = YES;
				CLANG_WARN__DUPLICATE_METHOD_MATCH = YES;
				CODE_SIGN_IDENTITY = "-";
				COPY_PHASE_STRIP = NO;
				DEBUG_INFORMATION_FORMAT = dwarf;
				ENABLE_STRICT_OBJC_MSGSEND = YES;
				ENABLE_TESTABILITY = YES;
				GCC_C_LANGUAGE_STANDARD = gnu99;
				GCC_DYNAMIC_NO_PIC = NO;
				GCC_NO_COMMON_BLOCKS = YES;
				GCC_OPTIMIZATION_LEVEL = 0;
				GCC_PREPROCESSOR_DEFINITIONS = (
					"DEBUG=1",
					"$(inherited)",
				);
				GCC_WARN_64_TO_32_BIT_CONVERSION = YES;
				GCC_WARN_ABOUT_RETURN_TYPE = YES_ERROR;
				GCC_WARN_UNDECLARED_SELECTOR = YES;
				GCC_WARN_UNINITIALIZED_AUTOS = YES_AGGRESSIVE;
				GCC_WARN_UNUSED_FUNCTION = YES;
				GCC_WARN_UNUSED_VARIABLE = YES;
				MACOSX_DEPLOYMENT_TARGET = 10.12;
				MTL_ENABLE_DEBUG_INFO = YES;
				ONLY_ACTIVE_ARCH = YES;
				SDKROOT = macosx;
			};
			name = Debug;
		};
		3FA3EA551EAB22EA00B5BDD9 /* Release */ = {
			isa = XCBuildConfiguration;
			buildSettings = {
				ALWAYS_SEARCH_USER_PATHS = NO;
				CLANG_ANALYZER_NONNULL = YES;
				CLANG_ANALYZER_NUMBER_OBJECT_CONVERSION = YES_AGGRESSIVE;
				CLANG_CXX_LANGUAGE_STANDARD = "gnu++0x";
				CLANG_CXX_LIBRARY = "libc++";
				CLANG_ENABLE_MODULES = YES;
				CLANG_ENABLE_OBJC_ARC = YES;
				CLANG_WARN_BOOL_CONVERSION = YES;
				CLANG_WARN_CONSTANT_CONVERSION = YES;
				CLANG_WARN_DIRECT_OBJC_ISA_USAGE = YES_ERROR;
				CLANG_WARN_DOCUMENTATION_COMMENTS = YES;
				CLANG_WARN_EMPTY_BODY = YES;
				CLANG_WARN_ENUM_CONVERSION = YES;
				CLANG_WARN_INFINITE_RECURSION = YES;
				CLANG_WARN_INT_CONVERSION = YES;
				CLANG_WARN_OBJC_ROOT_CLASS = YES_ERROR;
				CLANG_WARN_SUSPICIOUS_MOVE = YES;
				CLANG_WARN_UNREACHABLE_CODE = YES;
				CLANG_WARN__DUPLICATE_METHOD_MATCH = YES;
				CODE_SIGN_IDENTITY = "-";
				COPY_PHASE_STRIP = NO;
				DEBUG_INFORMATION_FORMAT = "dwarf-with-dsym";
				ENABLE_NS_ASSERTIONS = NO;
				ENABLE_STRICT_OBJC_MSGSEND = YES;
				GCC_C_LANGUAGE_STANDARD = gnu99;
				GCC_NO_COMMON_BLOCKS = YES;
				GCC_WARN_64_TO_32_BIT_CONVERSION = YES;
				GCC_WARN_ABOUT_RETURN_TYPE = YES_ERROR;
				GCC_WARN_UNDECLARED_SELECTOR = YES;
				GCC_WARN_UNINITIALIZED_AUTOS = YES_AGGRESSIVE;
				GCC_WARN_UNUSED_FUNCTION = YES;
				GCC_WARN_UNUSED_VARIABLE = YES;
				MACOSX_DEPLOYMENT_TARGET = 10.12;
				MTL_ENABLE_DEBUG_INFO = NO;
				SDKROOT = macosx;
			};
			name = Release;
		};
		3FA3EA571EAB22EA00B5BDD9 /* Debug */ = {
			isa = XCBuildConfiguration;
			buildSettings = {
				DEVELOPMENT_TEAM = L3N9VN6Q54;
				PRODUCT_NAME = "$(TARGET_NAME)";
			};
			name = Debug;
		};
		3FA3EA581EAB22EA00B5BDD9 /* Release */ = {
			isa = XCBuildConfiguration;
			buildSettings = {
				DEVELOPMENT_TEAM = L3N9VN6Q54;
				PRODUCT_NAME = "$(TARGET_NAME)";
			};
			name = Release;
		};
/* End XCBuildConfiguration section */

/* Begin XCConfigurationList section */
		3FA3EA4A1EAB22EA00B5BDD9 /* Build configuration list for PBXProject "chmailpass" */ = {
			isa = XCConfigurationList;
			buildConfigurations = (
				3FA3EA541EAB22EA00B5BDD9 /* Debug */,
				3FA3EA551EAB22EA00B5BDD9 /* Release */,
			);
			defaultConfigurationIsVisible = 0;
			defaultConfigurationName = Release;
		};
		3FA3EA561EAB22EA00B5BDD9 /* Build configuration list for PBXNativeTarget "chmailpass" */ = {
			isa = XCConfigurationList;
			buildConfigurations = (
				3FA3EA571EAB22EA00B5BDD9 /* Debug */,
				3FA3EA581EAB22EA00B5BDD9 /* Release */,
			);
			defaultConfigurationIsVisible = 0;
		};
/* End XCConfigurationList section */
	};
	rootObject = 3FA3EA471EAB22EA00B5BDD9 /* Project object */;
}
